
Microsoft Visual Studio Solution File, Format Version 12.00
# Visual Studio Version 16
VisualStudioVersion = 16.0.29806.167
MinimumVisualStudioVersion = 10.0.40219.1
Project("{9A19103F-16F7-4668-BE54-9A1E7A4F7556}") = "Logic_Layer", "Logic_Layer\Logic_Layer.csproj", "{4F12D6CE-D4ED-4D3F-82EF-CC803C89B4E3}"
EndProject
Project("{9A19103F-16F7-4668-BE54-9A1E7A4F7556}") = "Data_Layer", "Data_Layer\Data_Layer.csproj", "{F9531D93-340E-4F6B-AA77-40C56F121837}"
EndProject
Project("{9A19103F-16F7-4668-BE54-9A1E7A4F7556}") = "Domain", "Domain\Domain.csproj", "{DA40BB13-7CDF-4E59-A333-C5A514203DF4}"
EndProject
Project("{9A19103F-16F7-4668-BE54-9A1E7A4F7556}") = "Presentation_Layer", "Presentation_Layer\Presentation_Layer.csproj", "{F9CDE611-27A6-44A5-A7AA-DE44EC7670DC}"
EndProject
Project("{9A19103F-16F7-4668-BE54-9A1E7A4F7556}") = "MainApp", "MainApp\MainApp.csproj", "{44E8790F-66E0-41FF-AB86-8FEF57CA573E}"
EndProject
Global
	GlobalSection(SolutionConfigurationPlatforms) = preSolution
		Debug|Any CPU = Debug|Any CPU
		Release|Any CPU = Release|Any CPU
	EndGlobalSection
	GlobalSection(ProjectConfigurationPlatforms) = postSolution
		{4F12D6CE-D4ED-4D3F-82EF-CC803C89B4E3}.Debug|Any CPU.ActiveCfg = Debug|Any CPU
		{4F12D6CE-D4ED-4D3F-82EF-CC803C89B4E3}.Debug|Any CPU.Build.0 = Debug|Any CPU
		{4F12D6CE-D4ED-4D3F-82EF-CC803C89B4E3}.Release|Any CPU.ActiveCfg = Release|Any CPU
		{4F12D6CE-D4ED-4D3F-82EF-CC803C89B4E3}.Release|Any CPU.Build.0 = Release|Any CPU
		{F9531D93-340E-4F6B-AA77-40C56F121837}.Debug|Any CPU.ActiveCfg = Debug|Any CPU
		{F9531D93-340E-4F6B-AA77-40C56F121837}.Debug|Any CPU.Build.0 = Debug|Any CPU
		{F9531D93-340E-4F6B-AA77-40C56F121837}.Release|Any CPU.ActiveCfg = Release|Any CPU
		{F9531D93-340E-4F6B-AA77-40C56F121837}.Release|Any CPU.Build.0 = Release|Any CPU
		{DA40BB13-7CDF-4E59-A333-C5A514203DF4}.Debug|Any CPU.ActiveCfg = Debug|Any CPU
		{DA40BB13-7CDF-4E59-A333-C5A514203DF4}.Debug|Any CPU.Build.0 = Debug|Any CPU
		{DA40BB13-7CDF-4E59-A333-C5A514203DF4}.Release|Any CPU.ActiveCfg = Release|Any CPU
		{DA40BB13-7CDF-4E59-A333-C5A514203DF4}.Release|Any CPU.Build.0 = Release|Any CPU
		{F9CDE611-27A6-44A5-A7AA-DE44EC7670DC}.Debug|Any CPU.ActiveCfg = Debug|Any CPU
		{F9CDE611-27A6-44A5-A7AA-DE44EC7670DC}.Debug|Any CPU.Build.0 = Debug|Any CPU
		{F9CDE611-27A6-44A5-A7AA-DE44EC7670DC}.Release|Any CPU.ActiveCfg = Release|Any CPU
		{F9CDE611-27A6-44A5-A7AA-DE44EC7670DC}.Release|Any CPU.Build.0 = Release|Any CPU
		{44E8790F-66E0-41FF-AB86-8FEF57CA573E}.Debug|Any CPU.ActiveCfg = Debug|Any CPU
		{44E8790F-66E0-41FF-AB86-8FEF57CA573E}.Debug|Any CPU.Build.0 = Debug|Any CPU
		{44E8790F-66E0-41FF-AB86-8FEF57CA573E}.Release|Any CPU.ActiveCfg = Release|Any CPU
		{44E8790F-66E0-41FF-AB86-8FEF57CA573E}.Release|Any CPU.Build.0 = Release|Any CPU
	EndGlobalSection
	GlobalSection(SolutionProperties) = preSolution
		HideSolutionNode = FALSE
	EndGlobalSection
	GlobalSection(ExtensibilityGlobals) = postSolution
		SolutionGuid = {314C6A6D-AB91-4301-A5B0-912BD200C93C}
	EndGlobalSection
EndGlobal
